{
  "name": "rdkitjs",
  "version": "1.0.0",
  "lockfileVersion": 1,
  "requires": true,
  "dependencies": {
    "rdkit": {
      "version": "0.5.1",
      "resolved": "https://registry.npmjs.org/rdkit/-/rdkit-0.5.1.tgz",
      "integrity": "sha512-sGU2ma6oFOhVE/7Ci9ERYSaupDLSd+IuRJMOJxbUXLuGFxPFZER+2Icfx6EaBD3werMkTbqMHk7RoXmZoFaWSA=="
    }
  }
}
